
Microsoft Visual Studio Solution File, Format Version 12.00
# Visual Studio Version 16
VisualStudioVersion = 16.0.31025.194
MinimumVisualStudioVersion = 10.0.40219.1
Project("{00D1A9C2-B5F0-4AF3-8072-F6C62B433612}") = "CLR", "CLR\CLR.sqlproj", "{78CA7B3E-5F62-41C7-9367-880E9AA6D65F}"
EndProject
Global
	GlobalSection(SolutionConfigurationPlatforms) = preSolution
		Debug|Any CPU = Debug|Any CPU
		Release|Any CPU = Release|Any CPU
	EndGlobalSection
	GlobalSection(ProjectConfigurationPlatforms) = postSolution
		{78CA7B3E-5F62-41C7-9367-880E9AA6D65F}.Debug|Any CPU.ActiveCfg = Debug|Any CPU
		{78CA7B3E-5F62-41C7-9367-880E9AA6D65F}.Debug|Any CPU.Build.0 = Debug|Any CPU
		{78CA7B3E-5F62-41C7-9367-880E9AA6D65F}.Debug|Any CPU.Deploy.0 = Debug|Any CPU
		{78CA7B3E-5F62-41C7-9367-880E9AA6D65F}.Release|Any CPU.ActiveCfg = Release|Any CPU
		{78CA7B3E-5F62-41C7-9367-880E9AA6D65F}.Release|Any CPU.Build.0 = Release|Any CPU
		{78CA7B3E-5F62-41C7-9367-880E9AA6D65F}.Release|Any CPU.Deploy.0 = Release|Any CPU
	EndGlobalSection
	GlobalSection(SolutionProperties) = preSolution
		HideSolutionNode = FALSE
	EndGlobalSection
	GlobalSection(ExtensibilityGlobals) = postSolution
		SolutionGuid = {4D3D613C-CBA4-40DB-BBB9-E74036C9160F}
	EndGlobalSection
EndGlobal
